PODS:
  - Action (3.5.0):
    - RxCocoa (~> 4.0)
    - RxSwift (~> 4.0)
  - Kingfisher (4.7.0)
  - Nuke (6.1.1)
  - RxCocoa (4.1.2):
    - RxSwift (~> 4.0)
  - RxSwift (4.1.2)
  - SDWebImage (4.3.3):
    - SDWebImage/Core (= 4.3.3)
  - SDWebImage/Core (4.3.3)

DEPENDENCIES:
  - Action
  - Kingfisher
  - Nuke
  - RxCocoa
  - RxSwift
  - SDWebImage

SPEC REPOS:
  https://github.com/CocoaPods/Specs.git:
    - Action
    - Kingfisher
    - Nuke
    - RxCocoa
    - RxSwift
    - SDWebImage

SPEC CHECKSUMS:
  Action: d60087ebce41b969d1afdad01e2fa1372a82f26e
  Kingfisher: da6b005aa96d37698e3e4f1ccfe96a5b9bbf27d6
  Nuke: bf5d58b2d95ff15cb170c231fe6002d706be77e1
  RxCocoa: d88ba0f1f6abf040011a9eb4b539324fc426843a
  RxSwift: e49536837d9901277638493ea537394d4b55f570
  SDWebImage: de4d90b5bff3571eae7bd16202b1f43135409fa5

PODFILE CHECKSUM: cc07bae10eb143074d2041057893585862ab0e2d

COCOAPODS: 1.5.0
