// !$*UTF8*$!
{
	archiveVersion = 1;
	classes = {
	};
	objectVersion = 50;
	objects = {

/* Begin PBXBuildFile section */
		0A7126C820EB946800D923A6 /* AppDelegate.swift in Sources */ = {isa = PBXBuildFile; fileRef = 0A7126C720EB946800D923A6 /* AppDelegate.swift */; };
		0A7126CA20EB946800D923A6 /* PlacesViewController.swift in Sources */ = {isa = PBXBuildFile; fileRef = 0A7126C920EB946800D923A6 /* PlacesViewController.swift */; };
		0A7126CD20EB946800D923A6 /* Main.storyboard in Resources */ = {isa = PBXBuildFile; fileRef = 0A7126CB20EB946800D923A6 /* Main.storyboard */; };
		0A7126CF20EB946A00D923A6 /* Assets.xcassets in Resources */ = {isa = PBXBuildFile; fileRef = 0A7126CE20EB946A00D923A6 /* Assets.xcassets */; };
		0A7126D220EB946A00D923A6 /* LaunchScreen.storyboard in Resources */ = {isa = PBXBuildFile; fileRef = 0A7126D020EB946A00D923A6 /* LaunchScreen.storyboard */; };
		0A7126E920EB961A00D923A6 /* Place.swift in Sources */ = {isa = PBXBuildFile; fileRef = 0A7126E820EB961A00D923A6 /* Place.swift */; };
		0A7126F120EC259700D923A6 /* PlaceCell.swift in Sources */ = {isa = PBXBuildFile; fileRef = 0A7126F020EC259700D923A6 /* PlaceCell.swift */; };
		0A7126F320EC25B500D923A6 /* PlaceCell.xib in Resources */ = {isa = PBXBuildFile; fileRef = 0A7126F220EC25B500D923A6 /* PlaceCell.xib */; };
		0A7126F520EC270F00D923A6 /* ApiService.swift in Sources */ = {isa = PBXBuildFile; fileRef = 0A7126F420EC270F00D923A6 /* ApiService.swift */; };
		0A7126F820EC292700D923A6 /* ApiServiceType.swift in Sources */ = {isa = PBXBuildFile; fileRef = 0A7126F720EC292700D923A6 /* ApiServiceType.swift */; };
		0A7126FA20ECBB6400D923A6 /* PlacesViewModel.swift in Sources */ = {isa = PBXBuildFile; fileRef = 0A7126F920ECBB6400D923A6 /* PlacesViewModel.swift */; };
		0A7126FC20ECCA2100D923A6 /* Route.swift in Sources */ = {isa = PBXBuildFile; fileRef = 0A7126FB20ECCA2100D923A6 /* Route.swift */; };
		0A7126FE20ECCBA800D923A6 /* URLEncoding.swift in Sources */ = {isa = PBXBuildFile; fileRef = 0A7126FD20ECCBA800D923A6 /* URLEncoding.swift */; };
		0A71270020ECD56200D923A6 /* DependencyContainer.swift in Sources */ = {isa = PBXBuildFile; fileRef = 0A7126FF20ECD56200D923A6 /* DependencyContainer.swift */; };
		0A71270320ECD70C00D923A6 /* UIStoryboard+static.swift in Sources */ = {isa = PBXBuildFile; fileRef = 0A71270220ECD70C00D923A6 /* UIStoryboard+static.swift */; };
		0A71270520ECD76300D923A6 /* ImageLoader.swift in Sources */ = {isa = PBXBuildFile; fileRef = 0A71270420ECD76300D923A6 /* ImageLoader.swift */; };
		0A71270820ED479900D923A6 /* KingfisherImageLoader.swift in Sources */ = {isa = PBXBuildFile; fileRef = 0A71270720ED479900D923A6 /* KingfisherImageLoader.swift */; };
		0A71270A20ED480D00D923A6 /* NukeImageLoader.swift in Sources */ = {isa = PBXBuildFile; fileRef = 0A71270920ED480D00D923A6 /* NukeImageLoader.swift */; };
		0A71270C20ED481C00D923A6 /* SDWebImageImageLoader.swift in Sources */ = {isa = PBXBuildFile; fileRef = 0A71270B20ED481C00D923A6 /* SDWebImageImageLoader.swift */; };
		0A71270E20ED55A900D923A6 /* PlaceCellViewModel.swift in Sources */ = {isa = PBXBuildFile; fileRef = 0A71270D20ED55A900D923A6 /* PlaceCellViewModel.swift */; };
		F92D93E25695C4DBF58E8EA5 /* Pods_Eda.framework in Frameworks */ = {isa = PBXBuildFile; fileRef = BDAC8416EC8C5A4A7492C705 /* Pods_Eda.framework */; };
/* End PBXBuildFile section */

/* Begin PBXContainerItemProxy section */
		0A7126D920EB946A00D923A6 /* PBXContainerItemProxy */ = {
			isa = PBXContainerItemProxy;
			containerPortal = 0A7126BC20EB946800D923A6 /* Project object */;
			proxyType = 1;
			remoteGlobalIDString = 0A7126C320EB946800D923A6;
			remoteInfo = Eda;
		};
/* End PBXContainerItemProxy section */

/* Begin PBXFileReference section */
		0296B89EC56035934FD5D56B /* Pods-Eda.release.xcconfig */ = {isa = PBXFileReference; includeInIndex = 1; lastKnownFileType = text.xcconfig; name = "Pods-Eda.release.xcconfig"; path = "Pods/Target Support Files/Pods-Eda/Pods-Eda.release.xcconfig"; sourceTree = "<group>"; };
		0A7126C420EB946800D923A6 /* Eda.app */ = {isa = PBXFileReference; explicitFileType = wrapper.application; includeInIndex = 0; path = Eda.app; sourceTree = BUILT_PRODUCTS_DIR; };
		0A7126C720EB946800D923A6 /* AppDelegate.swift */ = {isa = PBXFileReference; lastKnownFileType = sourcecode.swift; path = AppDelegate.swift; sourceTree = "<group>"; };
		0A7126C920EB946800D923A6 /* PlacesViewController.swift */ = {isa = PBXFileReference; lastKnownFileType = sourcecode.swift; path = PlacesViewController.swift; sourceTree = "<group>"; };
		0A7126CC20EB946800D923A6 /* Base */ = {isa = PBXFileReference; lastKnownFileType = file.storyboard; name = Base; path = Base.lproj/Main.storyboard; sourceTree = "<group>"; };
		0A7126CE20EB946A00D923A6 /* Assets.xcassets */ = {isa = PBXFileReference; lastKnownFileType = folder.assetcatalog; path = Assets.xcassets; sourceTree = "<group>"; };
		0A7126D120EB946A00D923A6 /* Base */ = {isa = PBXFileReference; lastKnownFileType = file.storyboard; name = Base; path = Base.lproj/LaunchScreen.storyboard; sourceTree = "<group>"; };
		0A7126D320EB946A00D923A6 /* Info.plist */ = {isa = PBXFileReference; lastKnownFileType = text.plist.xml; path = Info.plist; sourceTree = "<group>"; };
		0A7126D820EB946A00D923A6 /* EdaTests.xctest */ = {isa = PBXFileReference; explicitFileType = wrapper.cfbundle; includeInIndex = 0; path = EdaTests.xctest; sourceTree = BUILT_PRODUCTS_DIR; };
		0A7126E820EB961A00D923A6 /* Place.swift */ = {isa = PBXFileReference; lastKnownFileType = sourcecode.swift; path = Place.swift; sourceTree = "<group>"; };
		0A7126F020EC259700D923A6 /* PlaceCell.swift */ = {isa = PBXFileReference; lastKnownFileType = sourcecode.swift; path = PlaceCell.swift; sourceTree = "<group>"; };
		0A7126F220EC25B500D923A6 /* PlaceCell.xib */ = {isa = PBXFileReference; lastKnownFileType = file.xib; path = PlaceCell.xib; sourceTree = "<group>"; };
		0A7126F420EC270F00D923A6 /* ApiService.swift */ = {isa = PBXFileReference; lastKnownFileType = sourcecode.swift; path = ApiService.swift; sourceTree = "<group>"; };
		0A7126F720EC292700D923A6 /* ApiServiceType.swift */ = {isa = PBXFileReference; lastKnownFileType = sourcecode.swift; path = ApiServiceType.swift; sourceTree = "<group>"; };
		0A7126F920ECBB6400D923A6 /* PlacesViewModel.swift */ = {isa = PBXFileReference; lastKnownFileType = sourcecode.swift; path = PlacesViewModel.swift; sourceTree = "<group>"; };
		0A7126FB20ECCA2100D923A6 /* Route.swift */ = {isa = PBXFileReference; lastKnownFileType = sourcecode.swift; path = Route.swift; sourceTree = "<group>"; };
		0A7126FD20ECCBA800D923A6 /* URLEncoding.swift */ = {isa = PBXFileReference; lastKnownFileType = sourcecode.swift; path = URLEncoding.swift; sourceTree = "<group>"; };
		0A7126FF20ECD56200D923A6 /* DependencyContainer.swift */ = {isa = PBXFileReference; lastKnownFileType = sourcecode.swift; path = DependencyContainer.swift; sourceTree = "<group>"; };
		0A71270220ECD70C00D923A6 /* UIStoryboard+static.swift */ = {isa = PBXFileReference; lastKnownFileType = sourcecode.swift; path = "UIStoryboard+static.swift"; sourceTree = "<group>"; };
		0A71270420ECD76300D923A6 /* ImageLoader.swift */ = {isa = PBXFileReference; lastKnownFileType = sourcecode.swift; path = ImageLoader.swift; sourceTree = "<group>"; };
		0A71270720ED479900D923A6 /* KingfisherImageLoader.swift */ = {isa = PBXFileReference; lastKnownFileType = sourcecode.swift; path = KingfisherImageLoader.swift; sourceTree = "<group>"; };
		0A71270920ED480D00D923A6 /* NukeImageLoader.swift */ = {isa = PBXFileReference; lastKnownFileType = sourcecode.swift; path = NukeImageLoader.swift; sourceTree = "<group>"; };
		0A71270B20ED481C00D923A6 /* SDWebImageImageLoader.swift */ = {isa = PBXFileReference; lastKnownFileType = sourcecode.swift; path = SDWebImageImageLoader.swift; sourceTree = "<group>"; };
		0A71270D20ED55A900D923A6 /* PlaceCellViewModel.swift */ = {isa = PBXFileReference; lastKnownFileType = sourcecode.swift; path = PlaceCellViewModel.swift; sourceTree = "<group>"; };
		BDAC8416EC8C5A4A7492C705 /* Pods_Eda.framework */ = {isa = PBXFileReference; explicitFileType = wrapper.framework; includeInIndex = 0; path = Pods_Eda.framework; sourceTree = BUILT_PRODUCTS_DIR; };
		D85F8D88471CA963E1548557 /* Pods-Eda.debug.xcconfig */ = {isa = PBXFileReference; includeInIndex = 1; lastKnownFileType = text.xcconfig; name = "Pods-Eda.debug.xcconfig"; path = "Pods/Target Support Files/Pods-Eda/Pods-Eda.debug.xcconfig"; sourceTree = "<group>"; };
/* End PBXFileReference section */

/* Begin PBXFrameworksBuildPhase section */
		0A7126C120EB946800D923A6 /* Frameworks */ = {
			isa = PBXFrameworksBuildPhase;
			buildActionMask = 2147483647;
			files = (
				F92D93E25695C4DBF58E8EA5 /* Pods_Eda.framework in Frameworks */,
			);
			runOnlyForDeploymentPostprocessing = 0;
		};
		0A7126D520EB946A00D923A6 /* Frameworks */ = {
			isa = PBXFrameworksBuildPhase;
			buildActionMask = 2147483647;
			files = (
			);
			runOnlyForDeploymentPostprocessing = 0;
		};
/* End PBXFrameworksBuildPhase section */

/* Begin PBXGroup section */
		0A7126BB20EB946800D923A6 = {
			isa = PBXGroup;
			children = (
				0A7126C620EB946800D923A6 /* Eda */,
				0A7126C520EB946800D923A6 /* Products */,
				C2A4D38C1771F00388AA15A5 /* Pods */,
				51DF0C3DD9B322E896F8735B /* Frameworks */,
			);
			sourceTree = "<group>";
		};
		0A7126C520EB946800D923A6 /* Products */ = {
			isa = PBXGroup;
			children = (
				0A7126C420EB946800D923A6 /* Eda.app */,
				0A7126D820EB946A00D923A6 /* EdaTests.xctest */,
			);
			name = Products;
			sourceTree = "<group>";
		};
		0A7126C620EB946800D923A6 /* Eda */ = {
			isa = PBXGroup;
			children = (
				0A7126F620EC28F400D923A6 /* Lib */,
				0A7126E720EB947D00D923A6 /* Models */,
				0A7126ED20EC254900D923A6 /* ViewModels */,
				0A7126EC20EC254400D923A6 /* Views */,
				0A7126C720EB946800D923A6 /* AppDelegate.swift */,
				0A7126CE20EB946A00D923A6 /* Assets.xcassets */,
				0A7126D320EB946A00D923A6 /* Info.plist */,
			);
			path = Eda;
			sourceTree = "<group>";
		};
		0A7126E720EB947D00D923A6 /* Models */ = {
			isa = PBXGroup;
			children = (
				0A7126E820EB961A00D923A6 /* Place.swift */,
			);
			path = Models;
			sourceTree = "<group>";
		};
		0A7126EC20EC254400D923A6 /* Views */ = {
			isa = PBXGroup;
			children = (
				0A7126EF20EC255700D923A6 /* Cells */,
				0A7126EE20EC255000D923A6 /* Controllers */,
				0A71270120ECD6E700D923A6 /* Storyboards */,
			);
			path = Views;
			sourceTree = "<group>";
		};
		0A7126ED20EC254900D923A6 /* ViewModels */ = {
			isa = PBXGroup;
			children = (
				0A7126F920ECBB6400D923A6 /* PlacesViewModel.swift */,
				0A71270D20ED55A900D923A6 /* PlaceCellViewModel.swift */,
			);
			path = ViewModels;
			sourceTree = "<group>";
		};
		0A7126EE20EC255000D923A6 /* Controllers */ = {
			isa = PBXGroup;
			children = (
				0A7126C920EB946800D923A6 /* PlacesViewController.swift */,
			);
			path = Controllers;
			sourceTree = "<group>";
		};
		0A7126EF20EC255700D923A6 /* Cells */ = {
			isa = PBXGroup;
			children = (
				0A7126F020EC259700D923A6 /* PlaceCell.swift */,
				0A7126F220EC25B500D923A6 /* PlaceCell.xib */,
			);
			path = Cells;
			sourceTree = "<group>";
		};
		0A7126F620EC28F400D923A6 /* Lib */ = {
			isa = PBXGroup;
			children = (
				0A71270620ED477800D923A6 /* ImageLoader */,
				0A7126F420EC270F00D923A6 /* ApiService.swift */,
				0A7126F720EC292700D923A6 /* ApiServiceType.swift */,
				0A7126FF20ECD56200D923A6 /* DependencyContainer.swift */,
				0A7126FB20ECCA2100D923A6 /* Route.swift */,
				0A7126FD20ECCBA800D923A6 /* URLEncoding.swift */,
			);
			path = Lib;
			sourceTree = "<group>";
		};
		0A71270120ECD6E700D923A6 /* Storyboards */ = {
			isa = PBXGroup;
			children = (
				0A7126D020EB946A00D923A6 /* LaunchScreen.storyboard */,
				0A7126CB20EB946800D923A6 /* Main.storyboard */,
				0A71270220ECD70C00D923A6 /* UIStoryboard+static.swift */,
			);
			path = Storyboards;
			sourceTree = "<group>";
		};
		0A71270620ED477800D923A6 /* ImageLoader */ = {
			isa = PBXGroup;
			children = (
				0A71270420ECD76300D923A6 /* ImageLoader.swift */,
				0A71270720ED479900D923A6 /* KingfisherImageLoader.swift */,
				0A71270B20ED481C00D923A6 /* SDWebImageImageLoader.swift */,
				0A71270920ED480D00D923A6 /* NukeImageLoader.swift */,
			);
			path = ImageLoader;
			sourceTree = "<group>";
		};
		51DF0C3DD9B322E896F8735B /* Frameworks */ = {
			isa = PBXGroup;
			children = (
				BDAC8416EC8C5A4A7492C705 /* Pods_Eda.framework */,
			);
			name = Frameworks;
			sourceTree = "<group>";
		};
		C2A4D38C1771F00388AA15A5 /* Pods */ = {
			isa = PBXGroup;
			children = (
				D85F8D88471CA963E1548557 /* Pods-Eda.debug.xcconfig */,
				0296B89EC56035934FD5D56B /* Pods-Eda.release.xcconfig */,
			);
			name = Pods;
			sourceTree = "<group>";
		};
/* End PBXGroup section */

/* Begin PBXNativeTarget section */
		0A7126C320EB946800D923A6 /* Eda */ = {
			isa = PBXNativeTarget;
			buildConfigurationList = 0A7126E120EB946A00D923A6 /* Build configuration list for PBXNativeTarget "Eda" */;
			buildPhases = (
				CE7909574D2442F03FA6782A /* [CP] Check Pods Manifest.lock */,
				0A7126C020EB946800D923A6 /* Sources */,
				0A7126C120EB946800D923A6 /* Frameworks */,
				0A7126C220EB946800D923A6 /* Resources */,
				352A32ACC2079AE71103F087 /* [CP] Embed Pods Frameworks */,
			);
			buildRules = (
			);
			dependencies = (
			);
			name = Eda;
			productName = Eda;
			productReference = 0A7126C420EB946800D923A6 /* Eda.app */;
			productType = "com.apple.product-type.application";
		};
		0A7126D720EB946A00D923A6 /* EdaTests */ = {
			isa = PBXNativeTarget;
			buildConfigurationList = 0A7126E420EB946A00D923A6 /* Build configuration list for PBXNativeTarget "EdaTests" */;
			buildPhases = (
				0A7126D420EB946A00D923A6 /* Sources */,
				0A7126D520EB946A00D923A6 /* Frameworks */,
				0A7126D620EB946A00D923A6 /* Resources */,
			);
			buildRules = (
			);
			dependencies = (
				0A7126DA20EB946A00D923A6 /* PBXTargetDependency */,
			);
			name = EdaTests;
			productName = EdaTests;
			productReference = 0A7126D820EB946A00D923A6 /* EdaTests.xctest */;
			productType = "com.apple.product-type.bundle.unit-test";
		};
/* End PBXNativeTarget section */

/* Begin PBXProject section */
		0A7126BC20EB946800D923A6 /* Project object */ = {
			isa = PBXProject;
			attributes = {
				LastSwiftUpdateCheck = 0940;
				LastUpgradeCheck = 0940;
				ORGANIZATIONNAME = kost;
				TargetAttributes = {
					0A7126C320EB946800D923A6 = {
						CreatedOnToolsVersion = 9.4.1;
					};
					0A7126D720EB946A00D923A6 = {
						CreatedOnToolsVersion = 9.4.1;
						TestTargetID = 0A7126C320EB946800D923A6;
					};
				};
			};
			buildConfigurationList = 0A7126BF20EB946800D923A6 /* Build configuration list for PBXProject "Eda" */;
			compatibilityVersion = "Xcode 9.3";
			developmentRegion = en;
			hasScannedForEncodings = 0;
			knownRegions = (
				en,
				Base,
			);
			mainGroup = 0A7126BB20EB946800D923A6;
			productRefGroup = 0A7126C520EB946800D923A6 /* Products */;
			projectDirPath = "";
			projectRoot = "";
			targets = (
				0A7126C320EB946800D923A6 /* Eda */,
				0A7126D720EB946A00D923A6 /* EdaTests */,
			);
		};
/* End PBXProject section */

/* Begin PBXResourcesBuildPhase section */
		0A7126C220EB946800D923A6 /* Resources */ = {
			isa = PBXResourcesBuildPhase;
			buildActionMask = 2147483647;
			files = (
				0A7126D220EB946A00D923A6 /* LaunchScreen.storyboard in Resources */,
				0A7126CF20EB946A00D923A6 /* Assets.xcassets in Resources */,
				0A7126CD20EB946800D923A6 /* Main.storyboard in Resources */,
				0A7126F320EC25B500D923A6 /* PlaceCell.xib in Resources */,
			);
			runOnlyForDeploymentPostprocessing = 0;
		};
		0A7126D620EB946A00D923A6 /* Resources */ = {
			isa = PBXResourcesBuildPhase;
			buildActionMask = 2147483647;
			files = (
			);
			runOnlyForDeploymentPostprocessing = 0;
		};
/* End PBXResourcesBuildPhase section */

/* Begin PBXShellScriptBuildPhase section */
		352A32ACC2079AE71103F087 /* [CP] Embed Pods Frameworks */ = {
			isa = PBXShellScriptBuildPhase;
			buildActionMask = 2147483647;
			files = (
			);
			inputPaths = (
				"${SRCROOT}/Pods/Target Support Files/Pods-Eda/Pods-Eda-frameworks.sh",
				"${BUILT_PRODUCTS_DIR}/Action/Action.framework",
				"${BUILT_PRODUCTS_DIR}/Kingfisher/Kingfisher.framework",
				"${BUILT_PRODUCTS_DIR}/Nuke/Nuke.framework",
				"${BUILT_PRODUCTS_DIR}/RxCocoa/RxCocoa.framework",
				"${BUILT_PRODUCTS_DIR}/RxSwift/RxSwift.framework",
				"${BUILT_PRODUCTS_DIR}/SDWebImage/SDWebImage.framework",
			);
			name = "[CP] Embed Pods Frameworks";
			outputPaths = (
				"${TARGET_BUILD_DIR}/${FRAMEWORKS_FOLDER_PATH}/Action.framework",
				"${TARGET_BUILD_DIR}/${FRAMEWORKS_FOLDER_PATH}/Kingfisher.framework",
				"${TARGET_BUILD_DIR}/${FRAMEWORKS_FOLDER_PATH}/Nuke.framework",
				"${TARGET_BUILD_DIR}/${FRAMEWORKS_FOLDER_PATH}/RxCocoa.framework",
				"${TARGET_BUILD_DIR}/${FRAMEWORKS_FOLDER_PATH}/RxSwift.framework",
				"${TARGET_BUILD_DIR}/${FRAMEWORKS_FOLDER_PATH}/SDWebImage.framework",
			);
			runOnlyForDeploymentPostprocessing = 0;
			shellPath = /bin/sh;
			shellScript = "\"${SRCROOT}/Pods/Target Support Files/Pods-Eda/Pods-Eda-frameworks.sh\"\n";
			showEnvVarsInLog = 0;
		};
		CE7909574D2442F03FA6782A /* [CP] Check Pods Manifest.lock */ = {
			isa = PBXShellScriptBuildPhase;
			buildActionMask = 2147483647;
			files = (
			);
			inputPaths = (
				"${PODS_PODFILE_DIR_PATH}/Podfile.lock",
				"${PODS_ROOT}/Manifest.lock",
			);
			name = "[CP] Check Pods Manifest.lock";
			outputPaths = (
				"$(DERIVED_FILE_DIR)/Pods-Eda-checkManifestLockResult.txt",
			);
			runOnlyForDeploymentPostprocessing = 0;
			shellPath = /bin/sh;
			shellScript = "diff \"${PODS_PODFILE_DIR_PATH}/Podfile.lock\" \"${PODS_ROOT}/Manifest.lock\" > /dev/null\nif [ $? != 0 ] ; then\n    # print error to STDERR\n    echo \"error: The sandbox is not in sync with the Podfile.lock. Run 'pod install' or update your CocoaPods installation.\" >&2\n    exit 1\nfi\n# This output is used by Xcode 'outputs' to avoid re-running this script phase.\necho \"SUCCESS\" > \"${SCRIPT_OUTPUT_FILE_0}\"\n";
			showEnvVarsInLog = 0;
		};
/* End PBXShellScriptBuildPhase section */

/* Begin PBXSourcesBuildPhase section */
		0A7126C020EB946800D923A6 /* Sources */ = {
			isa = PBXSourcesBuildPhase;
			buildActionMask = 2147483647;
			files = (
				0A7126F820EC292700D923A6 /* ApiServiceType.swift in Sources */,
				0A7126E920EB961A00D923A6 /* Place.swift in Sources */,
				0A71270520ECD76300D923A6 /* ImageLoader.swift in Sources */,
				0A7126FE20ECCBA800D923A6 /* URLEncoding.swift in Sources */,
				0A71270E20ED55A900D923A6 /* PlaceCellViewModel.swift in Sources */,
				0A7126F520EC270F00D923A6 /* ApiService.swift in Sources */,
				0A71270320ECD70C00D923A6 /* UIStoryboard+static.swift in Sources */,
				0A7126CA20EB946800D923A6 /* PlacesViewController.swift in Sources */,
				0A71270C20ED481C00D923A6 /* SDWebImageImageLoader.swift in Sources */,
				0A71270A20ED480D00D923A6 /* NukeImageLoader.swift in Sources */,
				0A71270820ED479900D923A6 /* KingfisherImageLoader.swift in Sources */,
				0A7126FA20ECBB6400D923A6 /* PlacesViewModel.swift in Sources */,
				0A71270020ECD56200D923A6 /* DependencyContainer.swift in Sources */,
				0A7126FC20ECCA2100D923A6 /* Route.swift in Sources */,
				0A7126C820EB946800D923A6 /* AppDelegate.swift in Sources */,
				0A7126F120EC259700D923A6 /* PlaceCell.swift in Sources */,
			);
			runOnlyForDeploymentPostprocessing = 0;
		};
		0A7126D420EB946A00D923A6 /* Sources */ = {
			isa = PBXSourcesBuildPhase;
			buildActionMask = 2147483647;
			files = (
			);
			runOnlyForDeploymentPostprocessing = 0;
		};
/* End PBXSourcesBuildPhase section */

/* Begin PBXTargetDependency section */
		0A7126DA20EB946A00D923A6 /* PBXTargetDependency */ = {
			isa = PBXTargetDependency;
			target = 0A7126C320EB946800D923A6 /* Eda */;
			targetProxy = 0A7126D920EB946A00D923A6 /* PBXContainerItemProxy */;
		};
/* End PBXTargetDependency section */

/* Begin PBXVariantGroup section */
		0A7126CB20EB946800D923A6 /* Main.storyboard */ = {
			isa = PBXVariantGroup;
			children = (
				0A7126CC20EB946800D923A6 /* Base */,
			);
			name = Main.storyboard;
			sourceTree = "<group>";
		};
		0A7126D020EB946A00D923A6 /* LaunchScreen.storyboard */ = {
			isa = PBXVariantGroup;
			children = (
				0A7126D120EB946A00D923A6 /* Base */,
			);
			name = LaunchScreen.storyboard;
			sourceTree = "<group>";
		};
/* End PBXVariantGroup section */

/* Begin XCBuildConfiguration section */
		0A7126DF20EB946A00D923A6 /* Debug */ = {
			isa = XCBuildConfiguration;
			buildSettings = {
				ALWAYS_SEARCH_USER_PATHS = NO;
				CLANG_ANALYZER_NONNULL = YES;
				CLANG_ANALYZER_NUMBER_OBJECT_CONVERSION = YES_AGGRESSIVE;
				CLANG_CXX_LANGUAGE_STANDARD = "gnu++14";
				CLANG_CXX_LIBRARY = "libc++";
				CLANG_ENABLE_MODULES = YES;
				CLANG_ENABLE_OBJC_ARC = YES;
				CLANG_ENABLE_OBJC_WEAK = YES;
				CLANG_WARN_BLOCK_CAPTURE_AUTORELEASING = YES;
				CLANG_WARN_BOOL_CONVERSION = YES;
				CLANG_WARN_COMMA = YES;
				CLANG_WARN_CONSTANT_CONVERSION = YES;
				CLANG_WARN_DEPRECATED_OBJC_IMPLEMENTATIONS = YES;
				CLANG_WARN_DIRECT_OBJC_ISA_USAGE = YES_ERROR;
				CLANG_WARN_DOCUMENTATION_COMMENTS = YES;
				CLANG_WARN_EMPTY_BODY = YES;
				CLANG_WARN_ENUM_CONVERSION = YES;
				CLANG_WARN_INFINITE_RECURSION = YES;
				CLANG_WARN_INT_CONVERSION = YES;
				CLANG_WARN_NON_LITERAL_NULL_CONVERSION = YES;
				CLANG_WARN_OBJC_IMPLICIT_RETAIN_SELF = YES;
				CLANG_WARN_OBJC_LITERAL_CONVERSION = YES;
				CLANG_WARN_OBJC_ROOT_CLASS = YES_ERROR;
				CLANG_WARN_RANGE_LOOP_ANALYSIS = YES;
				CLANG_WARN_STRICT_PROTOTYPES = YES;
				CLANG_WARN_SUSPICIOUS_MOVE = YES;
				CLANG_WARN_UNGUARDED_AVAILABILITY = YES_AGGRESSIVE;
				CLANG_WARN_UNREACHABLE_CODE = YES;
				CLANG_WARN__DUPLICATE_METHOD_MATCH = YES;
				CODE_SIGN_IDENTITY = "iPhone Developer";
				COPY_PHASE_STRIP = NO;
				DEBUG_INFORMATION_FORMAT = dwarf;
				ENABLE_STRICT_OBJC_MSGSEND = YES;
				ENABLE_TESTABILITY = YES;
				GCC_C_LANGUAGE_STANDARD = gnu11;
				GCC_DYNAMIC_NO_PIC = NO;
				GCC_NO_COMMON_BLOCKS = YES;
				GCC_OPTIMIZATION_LEVEL = 0;
				GCC_PREPROCESSOR_DEFINITIONS = (
					"DEBUG=1",
					"$(inherited)",
				);
				GCC_WARN_64_TO_32_BIT_CONVERSION = YES;
				GCC_WARN_ABOUT_RETURN_TYPE = YES_ERROR;
				GCC_WARN_UNDECLARED_SELECTOR = YES;
				GCC_WARN_UNINITIALIZED_AUTOS = YES_AGGRESSIVE;
				GCC_WARN_UNUSED_FUNCTION = YES;
				GCC_WARN_UNUSED_VARIABLE = YES;
				IPHONEOS_DEPLOYMENT_TARGET = 11.4;
				MTL_ENABLE_DEBUG_INFO = YES;
				ONLY_ACTIVE_ARCH = YES;
				SDKROOT = iphoneos;
				SWIFT_ACTIVE_COMPILATION_CONDITIONS = DEBUG;
				SWIFT_OPTIMIZATION_LEVEL = "-Onone";
			};
			name = Debug;
		};
		0A7126E020EB946A00D923A6 /* Release */ = {
			isa = XCBuildConfiguration;
			buildSettings = {
				ALWAYS_SEARCH_USER_PATHS = NO;
				CLANG_ANALYZER_NONNULL = YES;
				CLANG_ANALYZER_NUMBER_OBJECT_CONVERSION = YES_AGGRESSIVE;
				CLANG_CXX_LANGUAGE_STANDARD = "gnu++14";
				CLANG_CXX_LIBRARY = "libc++";
				CLANG_ENABLE_MODULES = YES;
				CLANG_ENABLE_OBJC_ARC = YES;
				CLANG_ENABLE_OBJC_WEAK = YES;
				CLANG_WARN_BLOCK_CAPTURE_AUTORELEASING = YES;
				CLANG_WARN_BOOL_CONVERSION = YES;
				CLANG_WARN_COMMA = YES;
				CLANG_WARN_CONSTANT_CONVERSION = YES;
				CLANG_WARN_DEPRECATED_OBJC_IMPLEMENTATIONS = YES;
				CLANG_WARN_DIRECT_OBJC_ISA_USAGE = YES_ERROR;
				CLANG_WARN_DOCUMENTATION_COMMENTS = YES;
				CLANG_WARN_EMPTY_BODY = YES;
				CLANG_WARN_ENUM_CONVERSION = YES;
				CLANG_WARN_INFINITE_RECURSION = YES;
				CLANG_WARN_INT_CONVERSION = YES;
				CLANG_WARN_NON_LITERAL_NULL_CONVERSION = YES;
				CLANG_WARN_OBJC_IMPLICIT_RETAIN_SELF = YES;
				CLANG_WARN_OBJC_LITERAL_CONVERSION = YES;
				CLANG_WARN_OBJC_ROOT_CLASS = YES_ERROR;
				CLANG_WARN_RANGE_LOOP_ANALYSIS = YES;
				CLANG_WARN_STRICT_PROTOTYPES = YES;
				CLANG_WARN_SUSPICIOUS_MOVE = YES;
				CLANG_WARN_UNGUARDED_AVAILABILITY = YES_AGGRESSIVE;
				CLANG_WARN_UNREACHABLE_CODE = YES;
				CLANG_WARN__DUPLICATE_METHOD_MATCH = YES;
				CODE_SIGN_IDENTITY = "iPhone Developer";
				COPY_PHASE_STRIP = NO;
				DEBUG_INFORMATION_FORMAT = "dwarf-with-dsym";
				ENABLE_NS_ASSERTIONS = NO;
				ENABLE_STRICT_OBJC_MSGSEND = YES;
				GCC_C_LANGUAGE_STANDARD = gnu11;
				GCC_NO_COMMON_BLOCKS = YES;
				GCC_WARN_64_TO_32_BIT_CONVERSION = YES;
				GCC_WARN_ABOUT_RETURN_TYPE = YES_ERROR;
				GCC_WARN_UNDECLARED_SELECTOR = YES;
				GCC_WARN_UNINITIALIZED_AUTOS = YES_AGGRESSIVE;
				GCC_WARN_UNUSED_FUNCTION = YES;
				GCC_WARN_UNUSED_VARIABLE = YES;
				IPHONEOS_DEPLOYMENT_TARGET = 11.4;
				MTL_ENABLE_DEBUG_INFO = NO;
				SDKROOT = iphoneos;
				SWIFT_COMPILATION_MODE = wholemodule;
				SWIFT_OPTIMIZATION_LEVEL = "-O";
				VALIDATE_PRODUCT = YES;
			};
			name = Release;
		};
		0A7126E220EB946A00D923A6 /* Debug */ = {
			isa = XCBuildConfiguration;
			baseConfigurationReference = D85F8D88471CA963E1548557 /* Pods-Eda.debug.xcconfig */;
			buildSettings = {
				ASSETCATALOG_COMPILER_APPICON_NAME = AppIcon;
				CODE_SIGN_STYLE = Automatic;
				DEVELOPMENT_TEAM = "";
				INFOPLIST_FILE = Eda/Info.plist;
				IPHONEOS_DEPLOYMENT_TARGET = 9.0;
				LD_RUNPATH_SEARCH_PATHS = (
					"$(inherited)",
					"@executable_path/Frameworks",
				);
				PRODUCT_BUNDLE_IDENTIFIER = ru.kostant.Eda;
				PRODUCT_NAME = "$(TARGET_NAME)";
				SWIFT_VERSION = 4.0;
				TARGETED_DEVICE_FAMILY = "1,2";
			};
			name = Debug;
		};
		0A7126E320EB946A00D923A6 /* Release */ = {
			isa = XCBuildConfiguration;
			baseConfigurationReference = 0296B89EC56035934FD5D56B /* Pods-Eda.release.xcconfig */;
			buildSettings = {
				ASSETCATALOG_COMPILER_APPICON_NAME = AppIcon;
				CODE_SIGN_STYLE = Automatic;
				DEVELOPMENT_TEAM = "";
				INFOPLIST_FILE = Eda/Info.plist;
				IPHONEOS_DEPLOYMENT_TARGET = 9.0;
				LD_RUNPATH_SEARCH_PATHS = (
					"$(inherited)",
					"@executable_path/Frameworks",
				);
				PRODUCT_BUNDLE_IDENTIFIER = ru.kostant.Eda;
				PRODUCT_NAME = "$(TARGET_NAME)";
				SWIFT_VERSION = 4.0;
				TARGETED_DEVICE_FAMILY = "1,2";
			};
			name = Release;
		};
		0A7126E520EB946A00D923A6 /* Debug */ = {
			isa = XCBuildConfiguration;
			buildSettings = {
				ALWAYS_EMBED_SWIFT_STANDARD_LIBRARIES = YES;
				BUNDLE_LOADER = "$(TEST_HOST)";
				CODE_SIGN_STYLE = Automatic;
				INFOPLIST_FILE = EdaTests/Info.plist;
				LD_RUNPATH_SEARCH_PATHS = (
					"$(inherited)",
					"@executable_path/Frameworks",
					"@loader_path/Frameworks",
				);
				PRODUCT_BUNDLE_IDENTIFIER = ru.kostant.EdaTests;
				PRODUCT_NAME = "$(TARGET_NAME)";
				SWIFT_VERSION = 4.0;
				TARGETED_DEVICE_FAMILY = "1,2";
				TEST_HOST = "$(BUILT_PRODUCTS_DIR)/Eda.app/Eda";
			};
			name = Debug;
		};
		0A7126E620EB946A00D923A6 /* Release */ = {
			isa = XCBuildConfiguration;
			buildSettings = {
				ALWAYS_EMBED_SWIFT_STANDARD_LIBRARIES = YES;
				BUNDLE_LOADER = "$(TEST_HOST)";
				CODE_SIGN_STYLE = Automatic;
				INFOPLIST_FILE = EdaTests/Info.plist;
				LD_RUNPATH_SEARCH_PATHS = (
					"$(inherited)",
					"@executable_path/Frameworks",
					"@loader_path/Frameworks",
				);
				PRODUCT_BUNDLE_IDENTIFIER = ru.kostant.EdaTests;
				PRODUCT_NAME = "$(TARGET_NAME)";
				SWIFT_VERSION = 4.0;
				TARGETED_DEVICE_FAMILY = "1,2";
				TEST_HOST = "$(BUILT_PRODUCTS_DIR)/Eda.app/Eda";
			};
			name = Release;
		};
/* End XCBuildConfiguration section */

/* Begin XCConfigurationList section */
		0A7126BF20EB946800D923A6 /* Build configuration list for PBXProject "Eda" */ = {
			isa = XCConfigurationList;
			buildConfigurations = (
				0A7126DF20EB946A00D923A6 /* Debug */,
				0A7126E020EB946A00D923A6 /* Release */,
			);
			defaultConfigurationIsVisible = 0;
			defaultConfigurationName = Release;
		};
		0A7126E120EB946A00D923A6 /* Build configuration list for PBXNativeTarget "Eda" */ = {
			isa = XCConfigurationList;
			buildConfigurations = (
				0A7126E220EB946A00D923A6 /* Debug */,
				0A7126E320EB946A00D923A6 /* Release */,
			);
			defaultConfigurationIsVisible = 0;
			defaultConfigurationName = Release;
		};
		0A7126E420EB946A00D923A6 /* Build configuration list for PBXNativeTarget "EdaTests" */ = {
			isa = XCConfigurationList;
			buildConfigurations = (
				0A7126E520EB946A00D923A6 /* Debug */,
				0A7126E620EB946A00D923A6 /* Release */,
			);
			defaultConfigurationIsVisible = 0;
			defaultConfigurationName = Release;
		};
/* End XCConfigurationList section */
	};
	rootObject = 0A7126BC20EB946800D923A6 /* Project object */;
}
